
Microsoft Visual Studio Solution File, Format Version 12.00
# Visual Studio Version 17
VisualStudioVersion = 17.12.35527.113 d17.12
MinimumVisualStudioVersion = 10.0.40219.1
Project("{8BC9CEB8-8B4A-11D0-8D11-00A0C91BC942}") = "ClipboardFirewallService", "ClipboardFirewallService\ClipboardFirewallService.vcxproj", "{1223BE52-A445-4B44-8105-6CD44CB709E6}"
	ProjectSection(ProjectDependencies) = postProject
		{A2A78576-B043-4D95-A285-5C93F89D6DE7} = {A2A78576-B043-4D95-A285-5C93F89D6DE7}
		{854B69BD-B848-453D-ACF9-FF75EA628DAA} = {854B69BD-B848-453D-ACF9-FF75EA628DAA}
	EndProjectSection
EndProject
Project("{8BC9CEB8-8B4A-11D0-8D11-00A0C91BC942}") = "ClipboardFirewallDll", "ClipboardFirewallDll\ClipboardFirewallDll.vcxproj", "{9CD44A7D-BD94-42A8-8331-F98C9B19BABB}"
	ProjectSection(ProjectDependencies) = postProject
		{854B69BD-B848-453D-ACF9-FF75EA628DAA} = {854B69BD-B848-453D-ACF9-FF75EA628DAA}
	EndProjectSection
EndProject
Project("{8BC9CEB8-8B4A-11D0-8D11-00A0C91BC942}") = "DriverInstaller", "DriverInstaller\DriverInstaller.vcxproj", "{A36A94B4-EE12-449C-9938-CBA082B81694}"
EndProject
Project("{8BC9CEB8-8B4A-11D0-8D11-00A0C91BC942}") = "InjectDll", "InjectDll\InjectDll.vcxproj", "{8BC9CEB8-8B4A-11D0-8D11-00A0C91BC942}"
	ProjectSection(ProjectDependencies) = postProject
		{854B69BD-B848-453D-ACF9-FF75EA628DAA} = {854B69BD-B848-453D-ACF9-FF75EA628DAA}
	EndProjectSection
EndProject
Project("{8BC9CEB8-8B4A-11D0-8D11-00A0C91BC942}") = "libvts", "libvts\libvts.vcxproj", "{A2A78576-B043-4D95-A285-5C93F89D6DE7}"
EndProject
Project("{2150E333-8FDC-42A3-9474-1A3956D46DE8}") = "Helpers", "Helpers", "{D030FD96-C42B-4BDC-B814-6FDA0BC60F57}"
EndProject
Project("{2150E333-8FDC-42A3-9474-1A3956D46DE8}") = "Libraries", "Libraries", "{D4F35D5E-D271-4B18-8A0E-F6B3979C0805}"
EndProject
Project("{2150E333-8FDC-42A3-9474-1A3956D46DE8}") = "Service", "Service", "{2D891718-C7E7-4263-A211-B0E061FA6763}"
EndProject
Project("{8BC9CEB8-8B4A-11D0-8D11-00A0C91BC942}") = "NktHookLib_2015", "Deviare-InProc\NktHookLib\NktHookLib_2015.vcxproj", "{854B69BD-B848-453D-ACF9-FF75EA628DAA}"
	ProjectSection(ProjectDependencies) = postProject
		{E36F841B-7542-4C90-A9B6-7FC53B533A14} = {E36F841B-7542-4C90-A9B6-7FC53B533A14}
	EndProjectSection
EndProject
Project("{8BC9CEB8-8B4A-11D0-8D11-00A0C91BC942}") = "Obj2Inc", "Deviare-InProc\Obj2Inc\Obj2Inc_2015.vcxproj", "{E36F841B-7542-4C90-A9B6-7FC53B533A14}"
EndProject
Project("{8BC9CEB8-8B4A-11D0-8D11-00A0C91BC942}") = "CFManualInjector", "CFManualInjector\CFManualInjector.vcxproj", "{4844E585-9975-46EC-8AF0-A66083C3A787}"
EndProject
Project("{2150E333-8FDC-42A3-9474-1A3956D46DE8}") = "Tests", "Tests", "{0D73B57E-7288-4BFB-9B22-C872E4995397}"
EndProject
Project("{FAE04EC0-301F-11D3-BF4B-00C04F79EFBC}") = "hash_generator", "hash_generator\hash_generator.csproj", "{D517AE08-C398-445A-9149-1596C0F9DD28}"
EndProject
Project("{8BC9CEB8-8B4A-11D0-8D11-00A0C91BC942}") = "code_generation", "code_generation\code_generation.vcxproj", "{A76D634F-2A6E-4869-BB6F-BCE4DB0287EC}"
	ProjectSection(ProjectDependencies) = postProject
		{D517AE08-C398-445A-9149-1596C0F9DD28} = {D517AE08-C398-445A-9149-1596C0F9DD28}
	EndProjectSection
EndProject
Project("{8BC9CEB8-8B4A-11D0-8D11-00A0C91BC942}") = "ClipboardFirewallNormalProcess", "ClipboardFirewallNormalProcess\ClipboardFirewallNormalProcess.vcxproj", "{347AB49F-1B3C-47B0-9055-5634166BA2EA}"
	ProjectSection(ProjectDependencies) = postProject
		{A2A78576-B043-4D95-A285-5C93F89D6DE7} = {A2A78576-B043-4D95-A285-5C93F89D6DE7}
		{854B69BD-B848-453D-ACF9-FF75EA628DAA} = {854B69BD-B848-453D-ACF9-FF75EA628DAA}
	EndProjectSection
EndProject
Project("{FAE04EC0-301F-11D3-BF4B-00C04F79EFBC}") = "trayicon", "trayicon\trayicon.csproj", "{BDEF4E82-559E-412A-82E0-257E3F0FA634}"
EndProject
Project("{FAE04EC0-301F-11D3-BF4B-00C04F79EFBC}") = "stop_service", "stop_service\stop_service.csproj", "{D9D75031-7ADF-4B07-82A3-40306C59239B}"
EndProject
Project("{8BC9CEB8-8B4A-11D0-8D11-00A0C91BC942}") = "continuous_copy", "continuous_copy\continuous_copy.vcxproj", "{1EEC3B8C-E6C3-4324-8F4F-0327F2CAE68E}"
EndProject
Project("{8BC9CEB8-8B4A-11D0-8D11-00A0C91BC942}") = "svchost_list", "svchost_list\svchost_list.vcxproj", "{CF8E04E7-3E10-43C4-AF0F-283D39AE5D6F}"
EndProject
Project("{8BC9CEB8-8B4A-11D0-8D11-00A0C91BC942}") = "get_guid", "get_guid\get_guid.vcxproj", "{0323423E-7BAC-4852-B03C-6D527E11E7AE}"
EndProject
Global
	GlobalSection(SolutionConfigurationPlatforms) = preSolution
		Debug|Any CPU = Debug|Any CPU
		Debug|Win32 = Debug|Win32
		Debug|x64 = Debug|x64
		Release|Any CPU = Release|Any CPU
		Release|Win32 = Release|Win32
		Release|x64 = Release|x64
	EndGlobalSection
	GlobalSection(ProjectConfigurationPlatforms) = postSolution
		{1223BE52-A445-4B44-8105-6CD44CB709E6}.Debug|Any CPU.ActiveCfg = Debug|Win32
		{1223BE52-A445-4B44-8105-6CD44CB709E6}.Debug|Win32.ActiveCfg = Debug|Win32
		{1223BE52-A445-4B44-8105-6CD44CB709E6}.Debug|Win32.Build.0 = Debug|Win32
		{1223BE52-A445-4B44-8105-6CD44CB709E6}.Debug|x64.ActiveCfg = Debug|x64
		{1223BE52-A445-4B44-8105-6CD44CB709E6}.Debug|x64.Build.0 = Debug|x64
		{1223BE52-A445-4B44-8105-6CD44CB709E6}.Release|Any CPU.ActiveCfg = Release|Win32
		{1223BE52-A445-4B44-8105-6CD44CB709E6}.Release|Win32.ActiveCfg = Release|Win32
		{1223BE52-A445-4B44-8105-6CD44CB709E6}.Release|Win32.Build.0 = Release|Win32
		{1223BE52-A445-4B44-8105-6CD44CB709E6}.Release|x64.ActiveCfg = Release|x64
		{1223BE52-A445-4B44-8105-6CD44CB709E6}.Release|x64.Build.0 = Release|x64
		{1223BE52-A445-4B44-8105-6CD44CB709E6}.Release|x64.Deploy.0 = Release|x64
		{9CD44A7D-BD94-42A8-8331-F98C9B19BABB}.Debug|Any CPU.ActiveCfg = Debug|Win32
		{9CD44A7D-BD94-42A8-8331-F98C9B19BABB}.Debug|Win32.ActiveCfg = Debug|Win32
		{9CD44A7D-BD94-42A8-8331-F98C9B19BABB}.Debug|Win32.Build.0 = Debug|Win32
		{9CD44A7D-BD94-42A8-8331-F98C9B19BABB}.Debug|Win32.Deploy.0 = Debug|Win32
		{9CD44A7D-BD94-42A8-8331-F98C9B19BABB}.Debug|x64.ActiveCfg = Debug|x64
		{9CD44A7D-BD94-42A8-8331-F98C9B19BABB}.Debug|x64.Build.0 = Debug|x64
		{9CD44A7D-BD94-42A8-8331-F98C9B19BABB}.Debug|x64.Deploy.0 = Debug|x64
		{9CD44A7D-BD94-42A8-8331-F98C9B19BABB}.Release|Any CPU.ActiveCfg = Release|Win32
		{9CD44A7D-BD94-42A8-8331-F98C9B19BABB}.Release|Win32.ActiveCfg = Release|Win32
		{9CD44A7D-BD94-42A8-8331-F98C9B19BABB}.Release|Win32.Build.0 = Release|Win32
		{9CD44A7D-BD94-42A8-8331-F98C9B19BABB}.Release|Win32.Deploy.0 = Release|Win32
		{9CD44A7D-BD94-42A8-8331-F98C9B19BABB}.Release|x64.ActiveCfg = Release|x64
		{9CD44A7D-BD94-42A8-8331-F98C9B19BABB}.Release|x64.Build.0 = Release|x64
		{A36A94B4-EE12-449C-9938-CBA082B81694}.Debug|Any CPU.ActiveCfg = Debug|Win32
		{A36A94B4-EE12-449C-9938-CBA082B81694}.Debug|Win32.ActiveCfg = Debug|Win32
		{A36A94B4-EE12-449C-9938-CBA082B81694}.Debug|Win32.Build.0 = Debug|Win32
		{A36A94B4-EE12-449C-9938-CBA082B81694}.Debug|x64.ActiveCfg = Release|x64
		{A36A94B4-EE12-449C-9938-CBA082B81694}.Debug|x64.Build.0 = Release|x64
		{A36A94B4-EE12-449C-9938-CBA082B81694}.Release|Any CPU.ActiveCfg = Release|Win32
		{A36A94B4-EE12-449C-9938-CBA082B81694}.Release|Win32.ActiveCfg = Release|Win32
		{A36A94B4-EE12-449C-9938-CBA082B81694}.Release|Win32.Build.0 = Release|Win32
		{A36A94B4-EE12-449C-9938-CBA082B81694}.Release|x64.ActiveCfg = Release|x64
		{A36A94B4-EE12-449C-9938-CBA082B81694}.Release|x64.Build.0 = Release|x64
		{8BC9CEB8-8B4A-11D0-8D11-00A0C91BC942}.Debug|Any CPU.ActiveCfg = Debug|Win32
		{8BC9CEB8-8B4A-11D0-8D11-00A0C91BC942}.Debug|Win32.ActiveCfg = Debug|Win32
		{8BC9CEB8-8B4A-11D0-8D11-00A0C91BC942}.Debug|Win32.Build.0 = Debug|Win32
		{8BC9CEB8-8B4A-11D0-8D11-00A0C91BC942}.Debug|x64.ActiveCfg = Release|x64
		{8BC9CEB8-8B4A-11D0-8D11-00A0C91BC942}.Debug|x64.Build.0 = Release|x64
		{8BC9CEB8-8B4A-11D0-8D11-00A0C91BC942}.Release|Any CPU.ActiveCfg = Release|Win32
		{8BC9CEB8-8B4A-11D0-8D11-00A0C91BC942}.Release|Win32.ActiveCfg = Release|Win32
		{8BC9CEB8-8B4A-11D0-8D11-00A0C91BC942}.Release|Win32.Build.0 = Release|Win32
		{8BC9CEB8-8B4A-11D0-8D11-00A0C91BC942}.Release|x64.ActiveCfg = Release|x64
		{8BC9CEB8-8B4A-11D0-8D11-00A0C91BC942}.Release|x64.Build.0 = Release|x64
		{A2A78576-B043-4D95-A285-5C93F89D6DE7}.Debug|Any CPU.ActiveCfg = Debug|Win32
		{A2A78576-B043-4D95-A285-5C93F89D6DE7}.Debug|Win32.ActiveCfg = Debug|Win32
		{A2A78576-B043-4D95-A285-5C93F89D6DE7}.Debug|Win32.Build.0 = Debug|Win32
		{A2A78576-B043-4D95-A285-5C93F89D6DE7}.Debug|x64.ActiveCfg = Debug|x64
		{A2A78576-B043-4D95-A285-5C93F89D6DE7}.Debug|x64.Build.0 = Debug|x64
		{A2A78576-B043-4D95-A285-5C93F89D6DE7}.Release|Any CPU.ActiveCfg = Release|Win32
		{A2A78576-B043-4D95-A285-5C93F89D6DE7}.Release|Win32.ActiveCfg = Release|Win32
		{A2A78576-B043-4D95-A285-5C93F89D6DE7}.Release|Win32.Build.0 = Release|Win32
		{A2A78576-B043-4D95-A285-5C93F89D6DE7}.Release|x64.ActiveCfg = Release|x64
		{A2A78576-B043-4D95-A285-5C93F89D6DE7}.Release|x64.Build.0 = Release|x64
		{854B69BD-B848-453D-ACF9-FF75EA628DAA}.Debug|Any CPU.ActiveCfg = Debug|Win32
		{854B69BD-B848-453D-ACF9-FF75EA628DAA}.Debug|Win32.ActiveCfg = Debug|Win32
		{854B69BD-B848-453D-ACF9-FF75EA628DAA}.Debug|Win32.Build.0 = Debug|Win32
		{854B69BD-B848-453D-ACF9-FF75EA628DAA}.Debug|x64.ActiveCfg = Debug|x64
		{854B69BD-B848-453D-ACF9-FF75EA628DAA}.Debug|x64.Build.0 = Debug|x64
		{854B69BD-B848-453D-ACF9-FF75EA628DAA}.Release|Any CPU.ActiveCfg = Release|Win32
		{854B69BD-B848-453D-ACF9-FF75EA628DAA}.Release|Win32.ActiveCfg = Release|Win32
		{854B69BD-B848-453D-ACF9-FF75EA628DAA}.Release|Win32.Build.0 = Release|Win32
		{854B69BD-B848-453D-ACF9-FF75EA628DAA}.Release|x64.ActiveCfg = Release|x64
		{854B69BD-B848-453D-ACF9-FF75EA628DAA}.Release|x64.Build.0 = Release|x64
		{E36F841B-7542-4C90-A9B6-7FC53B533A14}.Debug|Any CPU.ActiveCfg = Debug|Win32
		{E36F841B-7542-4C90-A9B6-7FC53B533A14}.Debug|Win32.ActiveCfg = Debug|Win32
		{E36F841B-7542-4C90-A9B6-7FC53B533A14}.Debug|Win32.Build.0 = Debug|Win32
		{E36F841B-7542-4C90-A9B6-7FC53B533A14}.Debug|x64.ActiveCfg = Release|Win32
		{E36F841B-7542-4C90-A9B6-7FC53B533A14}.Debug|x64.Build.0 = Release|Win32
		{E36F841B-7542-4C90-A9B6-7FC53B533A14}.Release|Any CPU.ActiveCfg = Release|Win32
		{E36F841B-7542-4C90-A9B6-7FC53B533A14}.Release|Win32.ActiveCfg = Release|Win32
		{E36F841B-7542-4C90-A9B6-7FC53B533A14}.Release|Win32.Build.0 = Release|Win32
		{E36F841B-7542-4C90-A9B6-7FC53B533A14}.Release|x64.ActiveCfg = Release|Win32
		{E36F841B-7542-4C90-A9B6-7FC53B533A14}.Release|x64.Build.0 = Release|Win32
		{4844E585-9975-46EC-8AF0-A66083C3A787}.Debug|Any CPU.ActiveCfg = Debug|Win32
		{4844E585-9975-46EC-8AF0-A66083C3A787}.Debug|Win32.ActiveCfg = Debug|Win32
		{4844E585-9975-46EC-8AF0-A66083C3A787}.Debug|Win32.Build.0 = Debug|Win32
		{4844E585-9975-46EC-8AF0-A66083C3A787}.Debug|x64.ActiveCfg = Debug|x64
		{4844E585-9975-46EC-8AF0-A66083C3A787}.Debug|x64.Build.0 = Debug|x64
		{4844E585-9975-46EC-8AF0-A66083C3A787}.Release|Any CPU.ActiveCfg = Release|Win32
		{4844E585-9975-46EC-8AF0-A66083C3A787}.Release|Win32.ActiveCfg = Release|Win32
		{4844E585-9975-46EC-8AF0-A66083C3A787}.Release|Win32.Build.0 = Release|Win32
		{4844E585-9975-46EC-8AF0-A66083C3A787}.Release|x64.ActiveCfg = Release|x64
		{4844E585-9975-46EC-8AF0-A66083C3A787}.Release|x64.Build.0 = Release|x64
		{D517AE08-C398-445A-9149-1596C0F9DD28}.Debug|Any CPU.ActiveCfg = Debug|Any CPU
		{D517AE08-C398-445A-9149-1596C0F9DD28}.Debug|Any CPU.Build.0 = Debug|Any CPU
		{D517AE08-C398-445A-9149-1596C0F9DD28}.Debug|Win32.ActiveCfg = Debug|Any CPU
		{D517AE08-C398-445A-9149-1596C0F9DD28}.Debug|Win32.Build.0 = Debug|Any CPU
		{D517AE08-C398-445A-9149-1596C0F9DD28}.Debug|x64.ActiveCfg = Debug|Any CPU
		{D517AE08-C398-445A-9149-1596C0F9DD28}.Debug|x64.Build.0 = Debug|Any CPU
		{D517AE08-C398-445A-9149-1596C0F9DD28}.Release|Any CPU.ActiveCfg = Release|Any CPU
		{D517AE08-C398-445A-9149-1596C0F9DD28}.Release|Any CPU.Build.0 = Release|Any CPU
		{D517AE08-C398-445A-9149-1596C0F9DD28}.Release|Win32.ActiveCfg = Release|Any CPU
		{D517AE08-C398-445A-9149-1596C0F9DD28}.Release|Win32.Build.0 = Release|Any CPU
		{D517AE08-C398-445A-9149-1596C0F9DD28}.Release|x64.ActiveCfg = Release|Any CPU
		{D517AE08-C398-445A-9149-1596C0F9DD28}.Release|x64.Build.0 = Release|Any CPU
		{A76D634F-2A6E-4869-BB6F-BCE4DB0287EC}.Debug|Any CPU.ActiveCfg = Debug|Win32
		{A76D634F-2A6E-4869-BB6F-BCE4DB0287EC}.Debug|Win32.ActiveCfg = Debug|Win32
		{A76D634F-2A6E-4869-BB6F-BCE4DB0287EC}.Debug|Win32.Build.0 = Debug|Win32
		{A76D634F-2A6E-4869-BB6F-BCE4DB0287EC}.Debug|x64.ActiveCfg = Debug|x64
		{A76D634F-2A6E-4869-BB6F-BCE4DB0287EC}.Debug|x64.Build.0 = Debug|x64
		{A76D634F-2A6E-4869-BB6F-BCE4DB0287EC}.Release|Any CPU.ActiveCfg = Release|Win32
		{A76D634F-2A6E-4869-BB6F-BCE4DB0287EC}.Release|Win32.ActiveCfg = Release|Win32
		{A76D634F-2A6E-4869-BB6F-BCE4DB0287EC}.Release|Win32.Build.0 = Release|Win32
		{A76D634F-2A6E-4869-BB6F-BCE4DB0287EC}.Release|x64.ActiveCfg = Release|x64
		{A76D634F-2A6E-4869-BB6F-BCE4DB0287EC}.Release|x64.Build.0 = Release|x64
		{347AB49F-1B3C-47B0-9055-5634166BA2EA}.Debug|Any CPU.ActiveCfg = Debug|Win32
		{347AB49F-1B3C-47B0-9055-5634166BA2EA}.Debug|Win32.ActiveCfg = Debug|Win32
		{347AB49F-1B3C-47B0-9055-5634166BA2EA}.Debug|Win32.Build.0 = Debug|Win32
		{347AB49F-1B3C-47B0-9055-5634166BA2EA}.Debug|x64.ActiveCfg = Debug|x64
		{347AB49F-1B3C-47B0-9055-5634166BA2EA}.Debug|x64.Build.0 = Debug|x64
		{347AB49F-1B3C-47B0-9055-5634166BA2EA}.Release|Any CPU.ActiveCfg = Release|Win32
		{347AB49F-1B3C-47B0-9055-5634166BA2EA}.Release|Win32.ActiveCfg = Release|Win32
		{347AB49F-1B3C-47B0-9055-5634166BA2EA}.Release|Win32.Build.0 = Release|Win32
		{347AB49F-1B3C-47B0-9055-5634166BA2EA}.Release|x64.ActiveCfg = Release|x64
		{347AB49F-1B3C-47B0-9055-5634166BA2EA}.Release|x64.Build.0 = Release|x64
		{BDEF4E82-559E-412A-82E0-257E3F0FA634}.Debug|Any CPU.ActiveCfg = Debug|Any CPU
		{BDEF4E82-559E-412A-82E0-257E3F0FA634}.Debug|Any CPU.Build.0 = Debug|Any CPU
		{BDEF4E82-559E-412A-82E0-257E3F0FA634}.Debug|Win32.ActiveCfg = Debug|Any CPU
		{BDEF4E82-559E-412A-82E0-257E3F0FA634}.Debug|Win32.Build.0 = Debug|Any CPU
		{BDEF4E82-559E-412A-82E0-257E3F0FA634}.Debug|x64.ActiveCfg = Debug|Any CPU
		{BDEF4E82-559E-412A-82E0-257E3F0FA634}.Debug|x64.Build.0 = Debug|Any CPU
		{BDEF4E82-559E-412A-82E0-257E3F0FA634}.Release|Any CPU.ActiveCfg = Release|Any CPU
		{BDEF4E82-559E-412A-82E0-257E3F0FA634}.Release|Any CPU.Build.0 = Release|Any CPU
		{BDEF4E82-559E-412A-82E0-257E3F0FA634}.Release|Win32.ActiveCfg = Release|Any CPU
		{BDEF4E82-559E-412A-82E0-257E3F0FA634}.Release|Win32.Build.0 = Release|Any CPU
		{BDEF4E82-559E-412A-82E0-257E3F0FA634}.Release|x64.ActiveCfg = Release|Any CPU
		{BDEF4E82-559E-412A-82E0-257E3F0FA634}.Release|x64.Build.0 = Release|Any CPU
		{D9D75031-7ADF-4B07-82A3-40306C59239B}.Debug|Any CPU.ActiveCfg = Debug|Any CPU
		{D9D75031-7ADF-4B07-82A3-40306C59239B}.Debug|Any CPU.Build.0 = Debug|Any CPU
		{D9D75031-7ADF-4B07-82A3-40306C59239B}.Debug|Win32.ActiveCfg = Debug|Any CPU
		{D9D75031-7ADF-4B07-82A3-40306C59239B}.Debug|Win32.Build.0 = Debug|Any CPU
		{D9D75031-7ADF-4B07-82A3-40306C59239B}.Debug|x64.ActiveCfg = Debug|Any CPU
		{D9D75031-7ADF-4B07-82A3-40306C59239B}.Debug|x64.Build.0 = Debug|Any CPU
		{D9D75031-7ADF-4B07-82A3-40306C59239B}.Release|Any CPU.ActiveCfg = Release|Any CPU
		{D9D75031-7ADF-4B07-82A3-40306C59239B}.Release|Any CPU.Build.0 = Release|Any CPU
		{D9D75031-7ADF-4B07-82A3-40306C59239B}.Release|Win32.ActiveCfg = Release|Any CPU
		{D9D75031-7ADF-4B07-82A3-40306C59239B}.Release|Win32.Build.0 = Release|Any CPU
		{D9D75031-7ADF-4B07-82A3-40306C59239B}.Release|x64.ActiveCfg = Release|Any CPU
		{D9D75031-7ADF-4B07-82A3-40306C59239B}.Release|x64.Build.0 = Release|Any CPU
		{1EEC3B8C-E6C3-4324-8F4F-0327F2CAE68E}.Debug|Any CPU.ActiveCfg = Debug|Win32
		{1EEC3B8C-E6C3-4324-8F4F-0327F2CAE68E}.Debug|Win32.ActiveCfg = Debug|Win32
		{1EEC3B8C-E6C3-4324-8F4F-0327F2CAE68E}.Debug|Win32.Build.0 = Debug|Win32
		{1EEC3B8C-E6C3-4324-8F4F-0327F2CAE68E}.Debug|x64.ActiveCfg = Debug|x64
		{1EEC3B8C-E6C3-4324-8F4F-0327F2CAE68E}.Debug|x64.Build.0 = Debug|x64
		{1EEC3B8C-E6C3-4324-8F4F-0327F2CAE68E}.Release|Any CPU.ActiveCfg = Release|Win32
		{1EEC3B8C-E6C3-4324-8F4F-0327F2CAE68E}.Release|Win32.ActiveCfg = Release|Win32
		{1EEC3B8C-E6C3-4324-8F4F-0327F2CAE68E}.Release|Win32.Build.0 = Release|Win32
		{1EEC3B8C-E6C3-4324-8F4F-0327F2CAE68E}.Release|x64.ActiveCfg = Release|x64
		{1EEC3B8C-E6C3-4324-8F4F-0327F2CAE68E}.Release|x64.Build.0 = Release|x64
		{CF8E04E7-3E10-43C4-AF0F-283D39AE5D6F}.Debug|Any CPU.ActiveCfg = Debug|Win32
		{CF8E04E7-3E10-43C4-AF0F-283D39AE5D6F}.Debug|Win32.ActiveCfg = Debug|Win32
		{CF8E04E7-3E10-43C4-AF0F-283D39AE5D6F}.Debug|Win32.Build.0 = Debug|Win32
		{CF8E04E7-3E10-43C4-AF0F-283D39AE5D6F}.Debug|x64.ActiveCfg = Debug|x64
		{CF8E04E7-3E10-43C4-AF0F-283D39AE5D6F}.Debug|x64.Build.0 = Debug|x64
		{CF8E04E7-3E10-43C4-AF0F-283D39AE5D6F}.Release|Any CPU.ActiveCfg = Release|Win32
		{CF8E04E7-3E10-43C4-AF0F-283D39AE5D6F}.Release|Win32.ActiveCfg = Release|Win32
		{CF8E04E7-3E10-43C4-AF0F-283D39AE5D6F}.Release|Win32.Build.0 = Release|Win32
		{CF8E04E7-3E10-43C4-AF0F-283D39AE5D6F}.Release|x64.ActiveCfg = Release|x64
		{CF8E04E7-3E10-43C4-AF0F-283D39AE5D6F}.Release|x64.Build.0 = Release|x64
		{0323423E-7BAC-4852-B03C-6D527E11E7AE}.Debug|Any CPU.ActiveCfg = Debug|Win32
		{0323423E-7BAC-4852-B03C-6D527E11E7AE}.Debug|Win32.ActiveCfg = Debug|Win32
		{0323423E-7BAC-4852-B03C-6D527E11E7AE}.Debug|Win32.Build.0 = Debug|Win32
		{0323423E-7BAC-4852-B03C-6D527E11E7AE}.Debug|x64.ActiveCfg = Debug|x64
		{0323423E-7BAC-4852-B03C-6D527E11E7AE}.Debug|x64.Build.0 = Debug|x64
		{0323423E-7BAC-4852-B03C-6D527E11E7AE}.Release|Any CPU.ActiveCfg = Release|Win32
		{0323423E-7BAC-4852-B03C-6D527E11E7AE}.Release|Win32.ActiveCfg = Release|Win32
		{0323423E-7BAC-4852-B03C-6D527E11E7AE}.Release|Win32.Build.0 = Release|Win32
		{0323423E-7BAC-4852-B03C-6D527E11E7AE}.Release|x64.ActiveCfg = Release|x64
		{0323423E-7BAC-4852-B03C-6D527E11E7AE}.Release|x64.Build.0 = Release|x64
	EndGlobalSection
	GlobalSection(SolutionProperties) = preSolution
		HideSolutionNode = FALSE
	EndGlobalSection
	GlobalSection(NestedProjects) = preSolution
		{1223BE52-A445-4B44-8105-6CD44CB709E6} = {2D891718-C7E7-4263-A211-B0E061FA6763}
		{A36A94B4-EE12-449C-9938-CBA082B81694} = {D030FD96-C42B-4BDC-B814-6FDA0BC60F57}
		{8BC9CEB8-8B4A-11D0-8D11-00A0C91BC942} = {D030FD96-C42B-4BDC-B814-6FDA0BC60F57}
		{A2A78576-B043-4D95-A285-5C93F89D6DE7} = {D4F35D5E-D271-4B18-8A0E-F6B3979C0805}
		{854B69BD-B848-453D-ACF9-FF75EA628DAA} = {D4F35D5E-D271-4B18-8A0E-F6B3979C0805}
		{E36F841B-7542-4C90-A9B6-7FC53B533A14} = {D030FD96-C42B-4BDC-B814-6FDA0BC60F57}
		{4844E585-9975-46EC-8AF0-A66083C3A787} = {D030FD96-C42B-4BDC-B814-6FDA0BC60F57}
		{D517AE08-C398-445A-9149-1596C0F9DD28} = {D030FD96-C42B-4BDC-B814-6FDA0BC60F57}
		{A76D634F-2A6E-4869-BB6F-BCE4DB0287EC} = {D030FD96-C42B-4BDC-B814-6FDA0BC60F57}
		{347AB49F-1B3C-47B0-9055-5634166BA2EA} = {2D891718-C7E7-4263-A211-B0E061FA6763}
		{D9D75031-7ADF-4B07-82A3-40306C59239B} = {D030FD96-C42B-4BDC-B814-6FDA0BC60F57}
		{1EEC3B8C-E6C3-4324-8F4F-0327F2CAE68E} = {0D73B57E-7288-4BFB-9B22-C872E4995397}
		{CF8E04E7-3E10-43C4-AF0F-283D39AE5D6F} = {0D73B57E-7288-4BFB-9B22-C872E4995397}
		{0323423E-7BAC-4852-B03C-6D527E11E7AE} = {0D73B57E-7288-4BFB-9B22-C872E4995397}
	EndGlobalSection
EndGlobal
